
Microsoft Visual Studio Solution File, Format Version 12.00
# Visual Studio 15
VisualStudioVersion = 15.0.27703.2000
MinimumVisualStudioVersion = 10.0.40219.1
Project("{FAE04EC0-301F-11D3-BF4B-00C04F79EFBC}") = "EXEIntegrator", "EXEIntegrator\EXEIntegrator.csproj", "{C42F54F1-9345-4D8B-9620-6476D9CBDA52}"
EndProject
Global
	GlobalSection(SolutionConfigurationPlatforms) = preSolution
		Debug|Any CPU = Debug|Any CPU
		Release|Any CPU = Release|Any CPU
	EndGlobalSection
	GlobalSection(ProjectConfigurationPlatforms) = postSolution
		{C42F54F1-9345-4D8B-9620-6476D9CBDA52}.Debug|Any CPU.ActiveCfg = Debug|Any CPU
		{C42F54F1-9345-4D8B-9620-6476D9CBDA52}.Debug|Any CPU.Build.0 = Debug|Any CPU
		{C42F54F1-9345-4D8B-9620-6476D9CBDA52}.Release|Any CPU.ActiveCfg = Release|Any CPU
		{C42F54F1-9345-4D8B-9620-6476D9CBDA52}.Release|Any CPU.Build.0 = Release|Any CPU
	EndGlobalSection
	GlobalSection(SolutionProperties) = preSolution
		HideSolutionNode = FALSE
	EndGlobalSection
	GlobalSection(ExtensibilityGlobals) = postSolution
		SolutionGuid = {212994D1-D275-486C-944C-40C301C2C652}
	EndGlobalSection
EndGlobal
